
Microsoft Visual Studio Solution File, Format Version 12.00
# Visual Studio Version 17
VisualStudioVersion = 17.8.34330.188
MinimumVisualStudioVersion = 10.0.40219.1
Project("{FAE04EC0-301F-11D3-BF4B-00C04F79EFBC}") = "Enoca.WebApi", "Enoca.WebApi\Enoca.WebApi.csproj", "{007134B2-A359-4E38-B9D4-25AF97B9C66E}"
EndProject
Project("{FAE04EC0-301F-11D3-BF4B-00C04F79EFBC}") = "Enoca.Entities", "Enoca.Entities\Enoca.Entities.csproj", "{DC2E4000-11C1-47D6-9582-FDA789CD23AA}"
EndProject
Project("{FAE04EC0-301F-11D3-BF4B-00C04F79EFBC}") = "Enoca.DataAccess", "Enoca.DataAccess\Enoca.DataAccess.csproj", "{51A64C51-34B9-4912-9150-4DEA20DEDC2B}"
EndProject
Project("{FAE04EC0-301F-11D3-BF4B-00C04F79EFBC}") = "Enoca.Business", "Enoca.Business\Enoca.Business.csproj", "{FEAE732C-BDE6-4CAA-AFC1-E71BF82BC622}"
EndProject
Global
	GlobalSection(SolutionConfigurationPlatforms) = preSolution
		Debug|Any CPU = Debug|Any CPU
		Release|Any CPU = Release|Any CPU
	EndGlobalSection
	GlobalSection(ProjectConfigurationPlatforms) = postSolution
		{007134B2-A359-4E38-B9D4-25AF97B9C66E}.Debug|Any CPU.ActiveCfg = Debug|Any CPU
		{007134B2-A359-4E38-B9D4-25AF97B9C66E}.Debug|Any CPU.Build.0 = Debug|Any CPU
		{007134B2-A359-4E38-B9D4-25AF97B9C66E}.Release|Any CPU.ActiveCfg = Release|Any CPU
		{007134B2-A359-4E38-B9D4-25AF97B9C66E}.Release|Any CPU.Build.0 = Release|Any CPU
		{DC2E4000-11C1-47D6-9582-FDA789CD23AA}.Debug|Any CPU.ActiveCfg = Debug|Any CPU
		{DC2E4000-11C1-47D6-9582-FDA789CD23AA}.Debug|Any CPU.Build.0 = Debug|Any CPU
		{DC2E4000-11C1-47D6-9582-FDA789CD23AA}.Release|Any CPU.ActiveCfg = Release|Any CPU
		{DC2E4000-11C1-47D6-9582-FDA789CD23AA}.Release|Any CPU.Build.0 = Release|Any CPU
		{51A64C51-34B9-4912-9150-4DEA20DEDC2B}.Debug|Any CPU.ActiveCfg = Debug|Any CPU
		{51A64C51-34B9-4912-9150-4DEA20DEDC2B}.Debug|Any CPU.Build.0 = Debug|Any CPU
		{51A64C51-34B9-4912-9150-4DEA20DEDC2B}.Release|Any CPU.ActiveCfg = Release|Any CPU
		{51A64C51-34B9-4912-9150-4DEA20DEDC2B}.Release|Any CPU.Build.0 = Release|Any CPU
		{FEAE732C-BDE6-4CAA-AFC1-E71BF82BC622}.Debug|Any CPU.ActiveCfg = Debug|Any CPU
		{FEAE732C-BDE6-4CAA-AFC1-E71BF82BC622}.Debug|Any CPU.Build.0 = Debug|Any CPU
		{FEAE732C-BDE6-4CAA-AFC1-E71BF82BC622}.Release|Any CPU.ActiveCfg = Release|Any CPU
		{FEAE732C-BDE6-4CAA-AFC1-E71BF82BC622}.Release|Any CPU.Build.0 = Release|Any CPU
	EndGlobalSection
	GlobalSection(SolutionProperties) = preSolution
		HideSolutionNode = FALSE
	EndGlobalSection
	GlobalSection(ExtensibilityGlobals) = postSolution
		SolutionGuid = {4A6B849C-9B59-41C2-BC14-10E3BF7F2866}
	EndGlobalSection
EndGlobal
